PODS:
  - Alamofire (4.4.0)
  - ESPullToRefresh (2.6)
  - FLAnimatedImage (1.0.12)
  - GreedoLayout (1.2.0)
  - ImageViewer (4.1.0)
  - SDWebImage (3.8.2):
    - SDWebImage/Core (= 3.8.2)
  - SDWebImage/Core (3.8.2)

DEPENDENCIES:
  - Alamofire (~> 4.4.0)
  - ESPullToRefresh (from `https://github.com/zaully/pull-to-refresh.git`, commit `95e73f7822c7d38f46af8136e776e8e4bbf16cf5`)
  - FLAnimatedImage (~> 1.0)
  - GreedoLayout (from `https://github.com/zaully/greedo-layout-for-ios.git`, commit `c4cf3c29076bf2277cbbcb3d439ab98a0f9aeb70`)
  - ImageViewer (~> 4.1.0)
  - SDWebImage (~> 3.8.2)

EXTERNAL SOURCES:
  ESPullToRefresh:
    :commit: 95e73f7822c7d38f46af8136e776e8e4bbf16cf5
    :git: https://github.com/zaully/pull-to-refresh.git
  GreedoLayout:
    :commit: c4cf3c29076bf2277cbbcb3d439ab98a0f9aeb70
    :git: https://github.com/zaully/greedo-layout-for-ios.git

CHECKOUT OPTIONS:
  ESPullToRefresh:
    :commit: 95e73f7822c7d38f46af8136e776e8e4bbf16cf5
    :git: https://github.com/zaully/pull-to-refresh.git
  GreedoLayout:
    :commit: c4cf3c29076bf2277cbbcb3d439ab98a0f9aeb70
    :git: https://github.com/zaully/greedo-layout-for-ios.git

SPEC CHECKSUMS:
  Alamofire: dc44b1600b800eb63da6a19039a0083d62a6a62d
  ESPullToRefresh: 5d5bb36883ab2710b7eb4ab3b3e5e443fdfbc1f2
  FLAnimatedImage: 4a0b56255d9b05f18b6dd7ee06871be5d3b89e31
  GreedoLayout: b1a1adc6ed5f281353225e3eb21d18cedee8e513
  ImageViewer: 163e5832e0a09e31a3e3482cce6e5e9029356174
  SDWebImage: 098e97e6176540799c27e804c96653ee0833d13c

PODFILE CHECKSUM: 7a5650b9c2229de316a9a8b00090cc043a7d4a6f

COCOAPODS: 1.2.1
