// !$*UTF8*$!
{
	archiveVersion = 1;
	classes = {
	};
	objectVersion = 46;
	objects = {

/* Begin PBXBuildFile section */
		1DF55D5F841A5118EBFE0E14 /* Pods_shared_pods_PopularPhotos.framework in Frameworks */ = {isa = PBXBuildFile; fileRef = 5C5266BE5F5ADB9467A62B9D /* Pods_shared_pods_PopularPhotos.framework */; };
		610783321ECBE98900785813 /* APIGeneral.swift in Sources */ = {isa = PBXBuildFile; fileRef = 610783311ECBE98900785813 /* APIGeneral.swift */; };
		610783341ECBE9D400785813 /* HTTPService.swift in Sources */ = {isa = PBXBuildFile; fileRef = 610783331ECBE9D400785813 /* HTTPService.swift */; };
		6107833D1ECBEA2800785813 /* MockHTTPService.swift in Sources */ = {isa = PBXBuildFile; fileRef = 6107833B1ECBEA2800785813 /* MockHTTPService.swift */; };
		61093B351ECD0CFF0031662E /* MockHomeViewModel.swift in Sources */ = {isa = PBXBuildFile; fileRef = 61093B2F1ECD0CFF0031662E /* MockHomeViewModel.swift */; };
		61093B3E1ECD519E0031662E /* FullscreenPhoto.swift in Sources */ = {isa = PBXBuildFile; fileRef = 61093B3D1ECD519E0031662E /* FullscreenPhoto.swift */; };
		61093B401ECD5FCF0031662E /* MockHomeViewModelDelegate.swift in Sources */ = {isa = PBXBuildFile; fileRef = 61093B3F1ECD5FCF0031662E /* MockHomeViewModelDelegate.swift */; };
		61093B421ECD60170031662E /* HomeViewModelTests.swift in Sources */ = {isa = PBXBuildFile; fileRef = 61093B411ECD60170031662E /* HomeViewModelTests.swift */; };
		61093B431ECD68A10031662E /* GetPhotosSuccessJson.txt in Resources */ = {isa = PBXBuildFile; fileRef = 617295131ECC052400F5D5BA /* GetPhotosSuccessJson.txt */; };
		61677B3A1ECBE7BB00D4260A /* AppDelegate.swift in Sources */ = {isa = PBXBuildFile; fileRef = 61677B391ECBE7BB00D4260A /* AppDelegate.swift */; };
		61677B411ECBE7BB00D4260A /* Assets.xcassets in Resources */ = {isa = PBXBuildFile; fileRef = 61677B401ECBE7BB00D4260A /* Assets.xcassets */; };
		61677B441ECBE7BB00D4260A /* LaunchScreen.storyboard in Resources */ = {isa = PBXBuildFile; fileRef = 61677B421ECBE7BB00D4260A /* LaunchScreen.storyboard */; };
		617294D91ECBF02F00F5D5BA /* TestHelper.swift in Sources */ = {isa = PBXBuildFile; fileRef = 617294D81ECBF02F00F5D5BA /* TestHelper.swift */; };
		617294F51ECBF5B300F5D5BA /* Photo.swift in Sources */ = {isa = PBXBuildFile; fileRef = 617294F31ECBF5B300F5D5BA /* Photo.swift */; };
		617294F61ECBF5B300F5D5BA /* PhotoService.swift in Sources */ = {isa = PBXBuildFile; fileRef = 617294F41ECBF5B300F5D5BA /* PhotoService.swift */; };
		617295051ECBF73C00F5D5BA /* Localization.swift in Sources */ = {isa = PBXBuildFile; fileRef = 617295041ECBF73C00F5D5BA /* Localization.swift */; };
		6172950D1ECBF7E300F5D5BA /* MockPhotoService.swift in Sources */ = {isa = PBXBuildFile; fileRef = 6172950C1ECBF7E300F5D5BA /* MockPhotoService.swift */; };
		617295101ECBF82700F5D5BA /* PhotoServiceTest.swift in Sources */ = {isa = PBXBuildFile; fileRef = 6172950F1ECBF82700F5D5BA /* PhotoServiceTest.swift */; };
		617295171ECC188500F5D5BA /* Home.storyboard in Resources */ = {isa = PBXBuildFile; fileRef = 617295161ECC188500F5D5BA /* Home.storyboard */; };
		6172951D1ECC19F100F5D5BA /* HomeViewController.swift in Sources */ = {isa = PBXBuildFile; fileRef = 6172951A1ECC19F100F5D5BA /* HomeViewController.swift */; };
		6172951E1ECC19F100F5D5BA /* HomeViewModel.swift in Sources */ = {isa = PBXBuildFile; fileRef = 6172951B1ECC19F100F5D5BA /* HomeViewModel.swift */; };
		6172951F1ECC19F100F5D5BA /* PhotoThumbnailCollectionViewCell.swift in Sources */ = {isa = PBXBuildFile; fileRef = 6172951C1ECC19F100F5D5BA /* PhotoThumbnailCollectionViewCell.swift */; };
/* End PBXBuildFile section */

/* Begin PBXContainerItemProxy section */
		61677B4B1ECBE7BC00D4260A /* PBXContainerItemProxy */ = {
			isa = PBXContainerItemProxy;
			containerPortal = 61677B2E1ECBE7BB00D4260A /* Project object */;
			proxyType = 1;
			remoteGlobalIDString = 61677B351ECBE7BB00D4260A;
			remoteInfo = PopularPhotos;
		};
/* End PBXContainerItemProxy section */

/* Begin PBXFileReference section */
		1EDDF565E0198FEA80714B4D /* Pods-shared_pods-PopularPhotosTests.release.xcconfig */ = {isa = PBXFileReference; includeInIndex = 1; lastKnownFileType = text.xcconfig; name = "Pods-shared_pods-PopularPhotosTests.release.xcconfig"; path = "../Pods/Target Support Files/Pods-shared_pods-PopularPhotosTests/Pods-shared_pods-PopularPhotosTests.release.xcconfig"; sourceTree = "<group>"; };
		5C5266BE5F5ADB9467A62B9D /* Pods_shared_pods_PopularPhotos.framework */ = {isa = PBXFileReference; explicitFileType = wrapper.framework; includeInIndex = 0; path = Pods_shared_pods_PopularPhotos.framework; sourceTree = BUILT_PRODUCTS_DIR; };
		610783311ECBE98900785813 /* APIGeneral.swift */ = {isa = PBXFileReference; fileEncoding = 4; lastKnownFileType = sourcecode.swift; path = APIGeneral.swift; sourceTree = "<group>"; };
		610783331ECBE9D400785813 /* HTTPService.swift */ = {isa = PBXFileReference; fileEncoding = 4; lastKnownFileType = sourcecode.swift; path = HTTPService.swift; sourceTree = "<group>"; };
		6107833B1ECBEA2800785813 /* MockHTTPService.swift */ = {isa = PBXFileReference; fileEncoding = 4; lastKnownFileType = sourcecode.swift; path = MockHTTPService.swift; sourceTree = "<group>"; };
		6107833E1ECBEDE800785813 /* Pods_PopularPhotos.framework */ = {isa = PBXFileReference; lastKnownFileType = wrapper.framework; name = Pods_PopularPhotos.framework; path = "../../../Library/Developer/Xcode/DerivedData/PopularPhotos-gmqlofbdqcbkalfwljpdbcjqnkmt/Build/Products/Debug-iphonesimulator/Pods_PopularPhotos.framework"; sourceTree = "<group>"; };
		61093B2F1ECD0CFF0031662E /* MockHomeViewModel.swift */ = {isa = PBXFileReference; fileEncoding = 4; lastKnownFileType = sourcecode.swift; path = MockHomeViewModel.swift; sourceTree = "<group>"; };
		61093B3D1ECD519E0031662E /* FullscreenPhoto.swift */ = {isa = PBXFileReference; fileEncoding = 4; lastKnownFileType = sourcecode.swift; path = FullscreenPhoto.swift; sourceTree = "<group>"; };
		61093B3F1ECD5FCF0031662E /* MockHomeViewModelDelegate.swift */ = {isa = PBXFileReference; fileEncoding = 4; lastKnownFileType = sourcecode.swift; path = MockHomeViewModelDelegate.swift; sourceTree = "<group>"; };
		61093B411ECD60170031662E /* HomeViewModelTests.swift */ = {isa = PBXFileReference; fileEncoding = 4; lastKnownFileType = sourcecode.swift; path = HomeViewModelTests.swift; sourceTree = "<group>"; };
		61677B361ECBE7BB00D4260A /* PopularPhotos.app */ = {isa = PBXFileReference; explicitFileType = wrapper.application; includeInIndex = 0; path = PopularPhotos.app; sourceTree = BUILT_PRODUCTS_DIR; };
		61677B391ECBE7BB00D4260A /* AppDelegate.swift */ = {isa = PBXFileReference; lastKnownFileType = sourcecode.swift; path = AppDelegate.swift; sourceTree = "<group>"; };
		61677B401ECBE7BB00D4260A /* Assets.xcassets */ = {isa = PBXFileReference; lastKnownFileType = folder.assetcatalog; path = Assets.xcassets; sourceTree = "<group>"; };
		61677B431ECBE7BB00D4260A /* Base */ = {isa = PBXFileReference; lastKnownFileType = file.storyboard; name = Base; path = Base.lproj/LaunchScreen.storyboard; sourceTree = "<group>"; };
		61677B451ECBE7BB00D4260A /* Info.plist */ = {isa = PBXFileReference; lastKnownFileType = text.plist.xml; path = Info.plist; sourceTree = "<group>"; };
		61677B4A1ECBE7BC00D4260A /* PopularPhotosTests.xctest */ = {isa = PBXFileReference; explicitFileType = wrapper.cfbundle; includeInIndex = 0; path = PopularPhotosTests.xctest; sourceTree = BUILT_PRODUCTS_DIR; };
		61677B501ECBE7BC00D4260A /* Info.plist */ = {isa = PBXFileReference; lastKnownFileType = text.plist.xml; path = Info.plist; sourceTree = "<group>"; };
		617294D81ECBF02F00F5D5BA /* TestHelper.swift */ = {isa = PBXFileReference; fileEncoding = 4; lastKnownFileType = sourcecode.swift; path = TestHelper.swift; sourceTree = "<group>"; };
		617294F31ECBF5B300F5D5BA /* Photo.swift */ = {isa = PBXFileReference; fileEncoding = 4; lastKnownFileType = sourcecode.swift; path = Photo.swift; sourceTree = "<group>"; };
		617294F41ECBF5B300F5D5BA /* PhotoService.swift */ = {isa = PBXFileReference; fileEncoding = 4; lastKnownFileType = sourcecode.swift; path = PhotoService.swift; sourceTree = "<group>"; };
		617295041ECBF73C00F5D5BA /* Localization.swift */ = {isa = PBXFileReference; fileEncoding = 4; lastKnownFileType = sourcecode.swift; path = Localization.swift; sourceTree = "<group>"; };
		6172950C1ECBF7E300F5D5BA /* MockPhotoService.swift */ = {isa = PBXFileReference; fileEncoding = 4; lastKnownFileType = sourcecode.swift; path = MockPhotoService.swift; sourceTree = "<group>"; };
		6172950F1ECBF82700F5D5BA /* PhotoServiceTest.swift */ = {isa = PBXFileReference; fileEncoding = 4; lastKnownFileType = sourcecode.swift; path = PhotoServiceTest.swift; sourceTree = "<group>"; };
		617295131ECC052400F5D5BA /* GetPhotosSuccessJson.txt */ = {isa = PBXFileReference; fileEncoding = 4; lastKnownFileType = text; path = GetPhotosSuccessJson.txt; sourceTree = "<group>"; };
		617295161ECC188500F5D5BA /* Home.storyboard */ = {isa = PBXFileReference; fileEncoding = 4; lastKnownFileType = file.storyboard; path = Home.storyboard; sourceTree = "<group>"; };
		6172951A1ECC19F100F5D5BA /* HomeViewController.swift */ = {isa = PBXFileReference; fileEncoding = 4; lastKnownFileType = sourcecode.swift; path = HomeViewController.swift; sourceTree = "<group>"; };
		6172951B1ECC19F100F5D5BA /* HomeViewModel.swift */ = {isa = PBXFileReference; fileEncoding = 4; lastKnownFileType = sourcecode.swift; path = HomeViewModel.swift; sourceTree = "<group>"; };
		6172951C1ECC19F100F5D5BA /* PhotoThumbnailCollectionViewCell.swift */ = {isa = PBXFileReference; fileEncoding = 4; lastKnownFileType = sourcecode.swift; path = PhotoThumbnailCollectionViewCell.swift; sourceTree = "<group>"; };
		91543E9A0DDBD639FBA45203 /* Pods-shared_pods-PopularPhotos.release.xcconfig */ = {isa = PBXFileReference; includeInIndex = 1; lastKnownFileType = text.xcconfig; name = "Pods-shared_pods-PopularPhotos.release.xcconfig"; path = "../Pods/Target Support Files/Pods-shared_pods-PopularPhotos/Pods-shared_pods-PopularPhotos.release.xcconfig"; sourceTree = "<group>"; };
		ACA19C078241BC0BA2AA5F99 /* Pods-shared_pods-PopularPhotos.debug.xcconfig */ = {isa = PBXFileReference; includeInIndex = 1; lastKnownFileType = text.xcconfig; name = "Pods-shared_pods-PopularPhotos.debug.xcconfig"; path = "../Pods/Target Support Files/Pods-shared_pods-PopularPhotos/Pods-shared_pods-PopularPhotos.debug.xcconfig"; sourceTree = "<group>"; };
		FE69E4D29D8CA593FA9D0E4B /* Pods-shared_pods-PopularPhotosTests.debug.xcconfig */ = {isa = PBXFileReference; includeInIndex = 1; lastKnownFileType = text.xcconfig; name = "Pods-shared_pods-PopularPhotosTests.debug.xcconfig"; path = "../Pods/Target Support Files/Pods-shared_pods-PopularPhotosTests/Pods-shared_pods-PopularPhotosTests.debug.xcconfig"; sourceTree = "<group>"; };
/* End PBXFileReference section */

/* Begin PBXFrameworksBuildPhase section */
		61677B331ECBE7BB00D4260A /* Frameworks */ = {
			isa = PBXFrameworksBuildPhase;
			buildActionMask = 2147483647;
			files = (
				1DF55D5F841A5118EBFE0E14 /* Pods_shared_pods_PopularPhotos.framework in Frameworks */,
			);
			runOnlyForDeploymentPostprocessing = 0;
		};
		61677B471ECBE7BC00D4260A /* Frameworks */ = {
			isa = PBXFrameworksBuildPhase;
			buildActionMask = 2147483647;
			files = (
			);
			runOnlyForDeploymentPostprocessing = 0;
		};
/* End PBXFrameworksBuildPhase section */

/* Begin PBXGroup section */
		6107832C1ECBE91D00785813 /* Models */ = {
			isa = PBXGroup;
			children = (
				617294F31ECBF5B300F5D5BA /* Photo.swift */,
				617294F41ECBF5B300F5D5BA /* PhotoService.swift */,
			);
			path = Models;
			sourceTree = "<group>";
		};
		6107832D1ECBE92400785813 /* Services */ = {
			isa = PBXGroup;
			children = (
				610783311ECBE98900785813 /* APIGeneral.swift */,
				610783331ECBE9D400785813 /* HTTPService.swift */,
			);
			path = Services;
			sourceTree = "<group>";
		};
		610783301ECBE96300785813 /* Utils */ = {
			isa = PBXGroup;
			children = (
				617295041ECBF73C00F5D5BA /* Localization.swift */,
			);
			path = Utils;
			sourceTree = "<group>";
		};
		610783351ECBEA0400785813 /* Services */ = {
			isa = PBXGroup;
			children = (
				6107833A1ECBEA2800785813 /* Mocks */,
			);
			name = Services;
			path = PopularPhotos/Services;
			sourceTree = SOURCE_ROOT;
		};
		6107833A1ECBEA2800785813 /* Mocks */ = {
			isa = PBXGroup;
			children = (
				6107833B1ECBEA2800785813 /* MockHTTPService.swift */,
			);
			path = Mocks;
			sourceTree = "<group>";
		};
		61093B291ECD0CFF0031662E /* Screens */ = {
			isa = PBXGroup;
			children = (
				61093B2A1ECD0CFF0031662E /* Home */,
			);
			name = Screens;
			path = PopularPhotos/Screens;
			sourceTree = SOURCE_ROOT;
		};
		61093B2A1ECD0CFF0031662E /* Home */ = {
			isa = PBXGroup;
			children = (
				61093B2E1ECD0CFF0031662E /* Mocks */,
				61093B311ECD0CFF0031662E /* Tests */,
			);
			path = Home;
			sourceTree = "<group>";
		};
		61093B2E1ECD0CFF0031662E /* Mocks */ = {
			isa = PBXGroup;
			children = (
				61093B2F1ECD0CFF0031662E /* MockHomeViewModel.swift */,
				61093B3F1ECD5FCF0031662E /* MockHomeViewModelDelegate.swift */,
			);
			path = Mocks;
			sourceTree = "<group>";
		};
		61093B311ECD0CFF0031662E /* Tests */ = {
			isa = PBXGroup;
			children = (
				61093B411ECD60170031662E /* HomeViewModelTests.swift */,
			);
			path = Tests;
			sourceTree = "<group>";
		};
		61093B3C1ECD51880031662E /* PhotoDetail */ = {
			isa = PBXGroup;
			children = (
				61093B3D1ECD519E0031662E /* FullscreenPhoto.swift */,
			);
			path = PhotoDetail;
			sourceTree = "<group>";
		};
		61677B2D1ECBE7BB00D4260A = {
			isa = PBXGroup;
			children = (
				61677B381ECBE7BB00D4260A /* PopularPhotos */,
				61677B4D1ECBE7BC00D4260A /* PopularPhotosTests */,
				61677B371ECBE7BB00D4260A /* Products */,
				CD3F8032F7E941B9EAD7A673 /* Pods */,
				DBA45863CC08A4244DA4CAE7 /* Frameworks */,
			);
			sourceTree = "<group>";
		};
		61677B371ECBE7BB00D4260A /* Products */ = {
			isa = PBXGroup;
			children = (
				61677B361ECBE7BB00D4260A /* PopularPhotos.app */,
				61677B4A1ECBE7BC00D4260A /* PopularPhotosTests.xctest */,
			);
			name = Products;
			sourceTree = "<group>";
		};
		61677B381ECBE7BB00D4260A /* PopularPhotos */ = {
			isa = PBXGroup;
			children = (
				610783301ECBE96300785813 /* Utils */,
				617294DD1ECBF50300F5D5BA /* Screens */,
				6107832D1ECBE92400785813 /* Services */,
				6107832C1ECBE91D00785813 /* Models */,
				61677B391ECBE7BB00D4260A /* AppDelegate.swift */,
				61677B401ECBE7BB00D4260A /* Assets.xcassets */,
				61677B421ECBE7BB00D4260A /* LaunchScreen.storyboard */,
				61677B451ECBE7BB00D4260A /* Info.plist */,
			);
			path = PopularPhotos;
			sourceTree = "<group>";
		};
		61677B4D1ECBE7BC00D4260A /* PopularPhotosTests */ = {
			isa = PBXGroup;
			children = (
				617295061ECBF7BB00F5D5BA /* Models */,
				61093B291ECD0CFF0031662E /* Screens */,
				610783351ECBEA0400785813 /* Services */,
				61677B501ECBE7BC00D4260A /* Info.plist */,
				617294D81ECBF02F00F5D5BA /* TestHelper.swift */,
			);
			path = PopularPhotosTests;
			sourceTree = "<group>";
		};
		617294DD1ECBF50300F5D5BA /* Screens */ = {
			isa = PBXGroup;
			children = (
				61093B3C1ECD51880031662E /* PhotoDetail */,
				617295151ECC187500F5D5BA /* Home */,
			);
			path = Screens;
			sourceTree = "<group>";
		};
		617295061ECBF7BB00F5D5BA /* Models */ = {
			isa = PBXGroup;
			children = (
				6172950E1ECBF81400F5D5BA /* Tests */,
				6172950B1ECBF7D100F5D5BA /* Mocks */,
			);
			path = Models;
			sourceTree = "<group>";
		};
		6172950B1ECBF7D100F5D5BA /* Mocks */ = {
			isa = PBXGroup;
			children = (
				6172950C1ECBF7E300F5D5BA /* MockPhotoService.swift */,
			);
			path = Mocks;
			sourceTree = "<group>";
		};
		6172950E1ECBF81400F5D5BA /* Tests */ = {
			isa = PBXGroup;
			children = (
				617295131ECC052400F5D5BA /* GetPhotosSuccessJson.txt */,
				6172950F1ECBF82700F5D5BA /* PhotoServiceTest.swift */,
			);
			path = Tests;
			sourceTree = "<group>";
		};
		617295151ECC187500F5D5BA /* Home */ = {
			isa = PBXGroup;
			children = (
				617295161ECC188500F5D5BA /* Home.storyboard */,
				6172951A1ECC19F100F5D5BA /* HomeViewController.swift */,
				6172951B1ECC19F100F5D5BA /* HomeViewModel.swift */,
				6172951C1ECC19F100F5D5BA /* PhotoThumbnailCollectionViewCell.swift */,
			);
			path = Home;
			sourceTree = "<group>";
		};
		CD3F8032F7E941B9EAD7A673 /* Pods */ = {
			isa = PBXGroup;
			children = (
				ACA19C078241BC0BA2AA5F99 /* Pods-shared_pods-PopularPhotos.debug.xcconfig */,
				91543E9A0DDBD639FBA45203 /* Pods-shared_pods-PopularPhotos.release.xcconfig */,
				FE69E4D29D8CA593FA9D0E4B /* Pods-shared_pods-PopularPhotosTests.debug.xcconfig */,
				1EDDF565E0198FEA80714B4D /* Pods-shared_pods-PopularPhotosTests.release.xcconfig */,
			);
			name = Pods;
			sourceTree = "<group>";
		};
		DBA45863CC08A4244DA4CAE7 /* Frameworks */ = {
			isa = PBXGroup;
			children = (
				6107833E1ECBEDE800785813 /* Pods_PopularPhotos.framework */,
				5C5266BE5F5ADB9467A62B9D /* Pods_shared_pods_PopularPhotos.framework */,
			);
			name = Frameworks;
			sourceTree = "<group>";
		};
/* End PBXGroup section */

/* Begin PBXNativeTarget section */
		61677B351ECBE7BB00D4260A /* PopularPhotos */ = {
			isa = PBXNativeTarget;
			buildConfigurationList = 61677B531ECBE7BC00D4260A /* Build configuration list for PBXNativeTarget "PopularPhotos" */;
			buildPhases = (
				4B30F6A5DEDCCC322FE9E8C0 /* [CP] Check Pods Manifest.lock */,
				61677B321ECBE7BB00D4260A /* Sources */,
				61677B331ECBE7BB00D4260A /* Frameworks */,
				61677B341ECBE7BB00D4260A /* Resources */,
				9D4AE3F63037C6E8787A29F4 /* [CP] Embed Pods Frameworks */,
				1716E1E70E13D893B9395D9C /* [CP] Copy Pods Resources */,
			);
			buildRules = (
			);
			dependencies = (
			);
			name = PopularPhotos;
			productName = PopularPhotos;
			productReference = 61677B361ECBE7BB00D4260A /* PopularPhotos.app */;
			productType = "com.apple.product-type.application";
		};
		61677B491ECBE7BC00D4260A /* PopularPhotosTests */ = {
			isa = PBXNativeTarget;
			buildConfigurationList = 61677B561ECBE7BC00D4260A /* Build configuration list for PBXNativeTarget "PopularPhotosTests" */;
			buildPhases = (
				DEA6DB3AE44381F914130EAC /* [CP] Check Pods Manifest.lock */,
				61677B461ECBE7BC00D4260A /* Sources */,
				61677B471ECBE7BC00D4260A /* Frameworks */,
				61677B481ECBE7BC00D4260A /* Resources */,
				47A696C0E8E2EF09D3764267 /* [CP] Embed Pods Frameworks */,
				C15382630EDDBF57F8B5278A /* [CP] Copy Pods Resources */,
			);
			buildRules = (
			);
			dependencies = (
				61677B4C1ECBE7BC00D4260A /* PBXTargetDependency */,
			);
			name = PopularPhotosTests;
			productName = PopularPhotosTests;
			productReference = 61677B4A1ECBE7BC00D4260A /* PopularPhotosTests.xctest */;
			productType = "com.apple.product-type.bundle.unit-test";
		};
/* End PBXNativeTarget section */

/* Begin PBXProject section */
		61677B2E1ECBE7BB00D4260A /* Project object */ = {
			isa = PBXProject;
			attributes = {
				LastSwiftUpdateCheck = 0830;
				LastUpgradeCheck = 0830;
				ORGANIZATIONNAME = "Vince Liang";
				TargetAttributes = {
					61677B351ECBE7BB00D4260A = {
						CreatedOnToolsVersion = 8.3.2;
						DevelopmentTeam = FYYXX23BQ4;
						ProvisioningStyle = Automatic;
					};
					61677B491ECBE7BC00D4260A = {
						CreatedOnToolsVersion = 8.3.2;
						DevelopmentTeam = YTVHQ2XF8L;
						ProvisioningStyle = Automatic;
						TestTargetID = 61677B351ECBE7BB00D4260A;
					};
				};
			};
			buildConfigurationList = 61677B311ECBE7BB00D4260A /* Build configuration list for PBXProject "PopularPhotos" */;
			compatibilityVersion = "Xcode 3.2";
			developmentRegion = English;
			hasScannedForEncodings = 0;
			knownRegions = (
				en,
				Base,
			);
			mainGroup = 61677B2D1ECBE7BB00D4260A;
			productRefGroup = 61677B371ECBE7BB00D4260A /* Products */;
			projectDirPath = "";
			projectRoot = "";
			targets = (
				61677B351ECBE7BB00D4260A /* PopularPhotos */,
				61677B491ECBE7BC00D4260A /* PopularPhotosTests */,
			);
		};
/* End PBXProject section */

/* Begin PBXResourcesBuildPhase section */
		61677B341ECBE7BB00D4260A /* Resources */ = {
			isa = PBXResourcesBuildPhase;
			buildActionMask = 2147483647;
			files = (
				617295171ECC188500F5D5BA /* Home.storyboard in Resources */,
				61677B441ECBE7BB00D4260A /* LaunchScreen.storyboard in Resources */,
				61677B411ECBE7BB00D4260A /* Assets.xcassets in Resources */,
			);
			runOnlyForDeploymentPostprocessing = 0;
		};
		61677B481ECBE7BC00D4260A /* Resources */ = {
			isa = PBXResourcesBuildPhase;
			buildActionMask = 2147483647;
			files = (
				61093B431ECD68A10031662E /* GetPhotosSuccessJson.txt in Resources */,
			);
			runOnlyForDeploymentPostprocessing = 0;
		};
/* End PBXResourcesBuildPhase section */

/* Begin PBXShellScriptBuildPhase section */
		1716E1E70E13D893B9395D9C /* [CP] Copy Pods Resources */ = {
			isa = PBXShellScriptBuildPhase;
			buildActionMask = 2147483647;
			files = (
			);
			inputPaths = (
			);
			name = "[CP] Copy Pods Resources";
			outputPaths = (
			);
			runOnlyForDeploymentPostprocessing = 0;
			shellPath = /bin/sh;
			shellScript = "\"${SRCROOT}/../Pods/Target Support Files/Pods-shared_pods-PopularPhotos/Pods-shared_pods-PopularPhotos-resources.sh\"\n";
			showEnvVarsInLog = 0;
		};
		47A696C0E8E2EF09D3764267 /* [CP] Embed Pods Frameworks */ = {
			isa = PBXShellScriptBuildPhase;
			buildActionMask = 2147483647;
			files = (
			);
			inputPaths = (
			);
			name = "[CP] Embed Pods Frameworks";
			outputPaths = (
			);
			runOnlyForDeploymentPostprocessing = 0;
			shellPath = /bin/sh;
			shellScript = "\"${SRCROOT}/../Pods/Target Support Files/Pods-shared_pods-PopularPhotosTests/Pods-shared_pods-PopularPhotosTests-frameworks.sh\"\n";
			showEnvVarsInLog = 0;
		};
		4B30F6A5DEDCCC322FE9E8C0 /* [CP] Check Pods Manifest.lock */ = {
			isa = PBXShellScriptBuildPhase;
			buildActionMask = 2147483647;
			files = (
			);
			inputPaths = (
			);
			name = "[CP] Check Pods Manifest.lock";
			outputPaths = (
			);
			runOnlyForDeploymentPostprocessing = 0;
			shellPath = /bin/sh;
			shellScript = "diff \"${PODS_PODFILE_DIR_PATH}/Podfile.lock\" \"${PODS_ROOT}/Manifest.lock\" > /dev/null\nif [ $? != 0 ] ; then\n    # print error to STDERR\n    echo \"error: The sandbox is not in sync with the Podfile.lock. Run 'pod install' or update your CocoaPods installation.\" >&2\n    exit 1\nfi\n";
			showEnvVarsInLog = 0;
		};
		9D4AE3F63037C6E8787A29F4 /* [CP] Embed Pods Frameworks */ = {
			isa = PBXShellScriptBuildPhase;
			buildActionMask = 2147483647;
			files = (
			);
			inputPaths = (
			);
			name = "[CP] Embed Pods Frameworks";
			outputPaths = (
			);
			runOnlyForDeploymentPostprocessing = 0;
			shellPath = /bin/sh;
			shellScript = "\"${SRCROOT}/../Pods/Target Support Files/Pods-shared_pods-PopularPhotos/Pods-shared_pods-PopularPhotos-frameworks.sh\"\n";
			showEnvVarsInLog = 0;
		};
		C15382630EDDBF57F8B5278A /* [CP] Copy Pods Resources */ = {
			isa = PBXShellScriptBuildPhase;
			buildActionMask = 2147483647;
			files = (
			);
			inputPaths = (
			);
			name = "[CP] Copy Pods Resources";
			outputPaths = (
			);
			runOnlyForDeploymentPostprocessing = 0;
			shellPath = /bin/sh;
			shellScript = "\"${SRCROOT}/../Pods/Target Support Files/Pods-shared_pods-PopularPhotosTests/Pods-shared_pods-PopularPhotosTests-resources.sh\"\n";
			showEnvVarsInLog = 0;
		};
		DEA6DB3AE44381F914130EAC /* [CP] Check Pods Manifest.lock */ = {
			isa = PBXShellScriptBuildPhase;
			buildActionMask = 2147483647;
			files = (
			);
			inputPaths = (
			);
			name = "[CP] Check Pods Manifest.lock";
			outputPaths = (
			);
			runOnlyForDeploymentPostprocessing = 0;
			shellPath = /bin/sh;
			shellScript = "diff \"${PODS_PODFILE_DIR_PATH}/Podfile.lock\" \"${PODS_ROOT}/Manifest.lock\" > /dev/null\nif [ $? != 0 ] ; then\n    # print error to STDERR\n    echo \"error: The sandbox is not in sync with the Podfile.lock. Run 'pod install' or update your CocoaPods installation.\" >&2\n    exit 1\nfi\n";
			showEnvVarsInLog = 0;
		};
/* End PBXShellScriptBuildPhase section */

/* Begin PBXSourcesBuildPhase section */
		61677B321ECBE7BB00D4260A /* Sources */ = {
			isa = PBXSourcesBuildPhase;
			buildActionMask = 2147483647;
			files = (
				61093B3E1ECD519E0031662E /* FullscreenPhoto.swift in Sources */,
				617294F61ECBF5B300F5D5BA /* PhotoService.swift in Sources */,
				6172951F1ECC19F100F5D5BA /* PhotoThumbnailCollectionViewCell.swift in Sources */,
				617294F51ECBF5B300F5D5BA /* Photo.swift in Sources */,
				610783341ECBE9D400785813 /* HTTPService.swift in Sources */,
				6172951E1ECC19F100F5D5BA /* HomeViewModel.swift in Sources */,
				617295051ECBF73C00F5D5BA /* Localization.swift in Sources */,
				61677B3A1ECBE7BB00D4260A /* AppDelegate.swift in Sources */,
				6172951D1ECC19F100F5D5BA /* HomeViewController.swift in Sources */,
				610783321ECBE98900785813 /* APIGeneral.swift in Sources */,
			);
			runOnlyForDeploymentPostprocessing = 0;
		};
		61677B461ECBE7BC00D4260A /* Sources */ = {
			isa = PBXSourcesBuildPhase;
			buildActionMask = 2147483647;
			files = (
				61093B351ECD0CFF0031662E /* MockHomeViewModel.swift in Sources */,
				61093B421ECD60170031662E /* HomeViewModelTests.swift in Sources */,
				617294D91ECBF02F00F5D5BA /* TestHelper.swift in Sources */,
				61093B401ECD5FCF0031662E /* MockHomeViewModelDelegate.swift in Sources */,
				617295101ECBF82700F5D5BA /* PhotoServiceTest.swift in Sources */,
				6172950D1ECBF7E300F5D5BA /* MockPhotoService.swift in Sources */,
				6107833D1ECBEA2800785813 /* MockHTTPService.swift in Sources */,
			);
			runOnlyForDeploymentPostprocessing = 0;
		};
/* End PBXSourcesBuildPhase section */

/* Begin PBXTargetDependency section */
		61677B4C1ECBE7BC00D4260A /* PBXTargetDependency */ = {
			isa = PBXTargetDependency;
			target = 61677B351ECBE7BB00D4260A /* PopularPhotos */;
			targetProxy = 61677B4B1ECBE7BC00D4260A /* PBXContainerItemProxy */;
		};
/* End PBXTargetDependency section */

/* Begin PBXVariantGroup section */
		61677B421ECBE7BB00D4260A /* LaunchScreen.storyboard */ = {
			isa = PBXVariantGroup;
			children = (
				61677B431ECBE7BB00D4260A /* Base */,
			);
			name = LaunchScreen.storyboard;
			sourceTree = "<group>";
		};
/* End PBXVariantGroup section */

/* Begin XCBuildConfiguration section */
		61677B511ECBE7BC00D4260A /* Debug */ = {
			isa = XCBuildConfiguration;
			buildSettings = {
				ALWAYS_SEARCH_USER_PATHS = NO;
				CLANG_ANALYZER_NONNULL = YES;
				CLANG_ANALYZER_NUMBER_OBJECT_CONVERSION = YES_AGGRESSIVE;
				CLANG_CXX_LANGUAGE_STANDARD = "gnu++0x";
				CLANG_CXX_LIBRARY = "libc++";
				CLANG_ENABLE_MODULES = YES;
				CLANG_ENABLE_OBJC_ARC = YES;
				CLANG_WARN_BOOL_CONVERSION = YES;
				CLANG_WARN_CONSTANT_CONVERSION = YES;
				CLANG_WARN_DIRECT_OBJC_ISA_USAGE = YES_ERROR;
				CLANG_WARN_DOCUMENTATION_COMMENTS = YES;
				CLANG_WARN_EMPTY_BODY = YES;
				CLANG_WARN_ENUM_CONVERSION = YES;
				CLANG_WARN_INFINITE_RECURSION = YES;
				CLANG_WARN_INT_CONVERSION = YES;
				CLANG_WARN_OBJC_ROOT_CLASS = YES_ERROR;
				CLANG_WARN_SUSPICIOUS_MOVE = YES;
				CLANG_WARN_UNREACHABLE_CODE = YES;
				CLANG_WARN__DUPLICATE_METHOD_MATCH = YES;
				"CODE_SIGN_IDENTITY[sdk=iphoneos*]" = "iPhone Developer";
				COPY_PHASE_STRIP = NO;
				DEBUG_INFORMATION_FORMAT = dwarf;
				ENABLE_STRICT_OBJC_MSGSEND = YES;
				ENABLE_TESTABILITY = YES;
				GCC_C_LANGUAGE_STANDARD = gnu99;
				GCC_DYNAMIC_NO_PIC = NO;
				GCC_NO_COMMON_BLOCKS = YES;
				GCC_OPTIMIZATION_LEVEL = 0;
				GCC_PREPROCESSOR_DEFINITIONS = (
					"DEBUG=1",
					"$(inherited)",
				);
				GCC_WARN_64_TO_32_BIT_CONVERSION = YES;
				GCC_WARN_ABOUT_RETURN_TYPE = YES_ERROR;
				GCC_WARN_UNDECLARED_SELECTOR = YES;
				GCC_WARN_UNINITIALIZED_AUTOS = YES_AGGRESSIVE;
				GCC_WARN_UNUSED_FUNCTION = YES;
				GCC_WARN_UNUSED_VARIABLE = YES;
				IPHONEOS_DEPLOYMENT_TARGET = 9.0;
				MTL_ENABLE_DEBUG_INFO = YES;
				ONLY_ACTIVE_ARCH = YES;
				SDKROOT = iphoneos;
				SWIFT_ACTIVE_COMPILATION_CONDITIONS = DEBUG;
				SWIFT_OPTIMIZATION_LEVEL = "-Onone";
				TARGETED_DEVICE_FAMILY = "1,2";
			};
			name = Debug;
		};
		61677B521ECBE7BC00D4260A /* Release */ = {
			isa = XCBuildConfiguration;
			buildSettings = {
				ALWAYS_SEARCH_USER_PATHS = NO;
				CLANG_ANALYZER_NONNULL = YES;
				CLANG_ANALYZER_NUMBER_OBJECT_CONVERSION = YES_AGGRESSIVE;
				CLANG_CXX_LANGUAGE_STANDARD = "gnu++0x";
				CLANG_CXX_LIBRARY = "libc++";
				CLANG_ENABLE_MODULES = YES;
				CLANG_ENABLE_OBJC_ARC = YES;
				CLANG_WARN_BOOL_CONVERSION = YES;
				CLANG_WARN_CONSTANT_CONVERSION = YES;
				CLANG_WARN_DIRECT_OBJC_ISA_USAGE = YES_ERROR;
				CLANG_WARN_DOCUMENTATION_COMMENTS = YES;
				CLANG_WARN_EMPTY_BODY = YES;
				CLANG_WARN_ENUM_CONVERSION = YES;
				CLANG_WARN_INFINITE_RECURSION = YES;
				CLANG_WARN_INT_CONVERSION = YES;
				CLANG_WARN_OBJC_ROOT_CLASS = YES_ERROR;
				CLANG_WARN_SUSPICIOUS_MOVE = YES;
				CLANG_WARN_UNREACHABLE_CODE = YES;
				CLANG_WARN__DUPLICATE_METHOD_MATCH = YES;
				"CODE_SIGN_IDENTITY[sdk=iphoneos*]" = "iPhone Developer";
				COPY_PHASE_STRIP = NO;
				DEBUG_INFORMATION_FORMAT = "dwarf-with-dsym";
				ENABLE_NS_ASSERTIONS = NO;
				ENABLE_STRICT_OBJC_MSGSEND = YES;
				GCC_C_LANGUAGE_STANDARD = gnu99;
				GCC_NO_COMMON_BLOCKS = YES;
				GCC_WARN_64_TO_32_BIT_CONVERSION = YES;
				GCC_WARN_ABOUT_RETURN_TYPE = YES_ERROR;
				GCC_WARN_UNDECLARED_SELECTOR = YES;
				GCC_WARN_UNINITIALIZED_AUTOS = YES_AGGRESSIVE;
				GCC_WARN_UNUSED_FUNCTION = YES;
				GCC_WARN_UNUSED_VARIABLE = YES;
				IPHONEOS_DEPLOYMENT_TARGET = 9.0;
				MTL_ENABLE_DEBUG_INFO = NO;
				SDKROOT = iphoneos;
				SWIFT_OPTIMIZATION_LEVEL = "-Owholemodule";
				TARGETED_DEVICE_FAMILY = "1,2";
				VALIDATE_PRODUCT = YES;
			};
			name = Release;
		};
		61677B541ECBE7BC00D4260A /* Debug */ = {
			isa = XCBuildConfiguration;
			baseConfigurationReference = ACA19C078241BC0BA2AA5F99 /* Pods-shared_pods-PopularPhotos.debug.xcconfig */;
			buildSettings = {
				ASSETCATALOG_COMPILER_APPICON_NAME = AppIcon;
				DEVELOPMENT_TEAM = FYYXX23BQ4;
				INFOPLIST_FILE = PopularPhotos/Info.plist;
				LD_RUNPATH_SEARCH_PATHS = "$(inherited) @executable_path/Frameworks";
				PRODUCT_BUNDLE_IDENTIFIER = ca.vinceliang.PopularPhotos;
				PRODUCT_NAME = "$(TARGET_NAME)";
				SWIFT_VERSION = 3.0;
			};
			name = Debug;
		};
		61677B551ECBE7BC00D4260A /* Release */ = {
			isa = XCBuildConfiguration;
			baseConfigurationReference = 91543E9A0DDBD639FBA45203 /* Pods-shared_pods-PopularPhotos.release.xcconfig */;
			buildSettings = {
				ASSETCATALOG_COMPILER_APPICON_NAME = AppIcon;
				DEVELOPMENT_TEAM = FYYXX23BQ4;
				INFOPLIST_FILE = PopularPhotos/Info.plist;
				LD_RUNPATH_SEARCH_PATHS = "$(inherited) @executable_path/Frameworks";
				PRODUCT_BUNDLE_IDENTIFIER = ca.vinceliang.PopularPhotos;
				PRODUCT_NAME = "$(TARGET_NAME)";
				SWIFT_VERSION = 3.0;
			};
			name = Release;
		};
		61677B571ECBE7BC00D4260A /* Debug */ = {
			isa = XCBuildConfiguration;
			baseConfigurationReference = FE69E4D29D8CA593FA9D0E4B /* Pods-shared_pods-PopularPhotosTests.debug.xcconfig */;
			buildSettings = {
				BUNDLE_LOADER = "$(TEST_HOST)";
				DEVELOPMENT_TEAM = YTVHQ2XF8L;
				INFOPLIST_FILE = PopularPhotosTests/Info.plist;
				LD_RUNPATH_SEARCH_PATHS = "$(inherited) @executable_path/Frameworks @loader_path/Frameworks";
				PRODUCT_BUNDLE_IDENTIFIER = ca.vinceliang.PopularPhotosTests;
				PRODUCT_NAME = "$(TARGET_NAME)";
				SWIFT_VERSION = 3.0;
				TEST_HOST = "$(BUILT_PRODUCTS_DIR)/PopularPhotos.app/PopularPhotos";
			};
			name = Debug;
		};
		61677B581ECBE7BC00D4260A /* Release */ = {
			isa = XCBuildConfiguration;
			baseConfigurationReference = 1EDDF565E0198FEA80714B4D /* Pods-shared_pods-PopularPhotosTests.release.xcconfig */;
			buildSettings = {
				BUNDLE_LOADER = "$(TEST_HOST)";
				DEVELOPMENT_TEAM = YTVHQ2XF8L;
				INFOPLIST_FILE = PopularPhotosTests/Info.plist;
				LD_RUNPATH_SEARCH_PATHS = "$(inherited) @executable_path/Frameworks @loader_path/Frameworks";
				PRODUCT_BUNDLE_IDENTIFIER = ca.vinceliang.PopularPhotosTests;
				PRODUCT_NAME = "$(TARGET_NAME)";
				SWIFT_VERSION = 3.0;
				TEST_HOST = "$(BUILT_PRODUCTS_DIR)/PopularPhotos.app/PopularPhotos";
			};
			name = Release;
		};
/* End XCBuildConfiguration section */

/* Begin XCConfigurationList section */
		61677B311ECBE7BB00D4260A /* Build configuration list for PBXProject "PopularPhotos" */ = {
			isa = XCConfigurationList;
			buildConfigurations = (
				61677B511ECBE7BC00D4260A /* Debug */,
				61677B521ECBE7BC00D4260A /* Release */,
			);
			defaultConfigurationIsVisible = 0;
			defaultConfigurationName = Release;
		};
		61677B531ECBE7BC00D4260A /* Build configuration list for PBXNativeTarget "PopularPhotos" */ = {
			isa = XCConfigurationList;
			buildConfigurations = (
				61677B541ECBE7BC00D4260A /* Debug */,
				61677B551ECBE7BC00D4260A /* Release */,
			);
			defaultConfigurationIsVisible = 0;
			defaultConfigurationName = Release;
		};
		61677B561ECBE7BC00D4260A /* Build configuration list for PBXNativeTarget "PopularPhotosTests" */ = {
			isa = XCConfigurationList;
			buildConfigurations = (
				61677B571ECBE7BC00D4260A /* Debug */,
				61677B581ECBE7BC00D4260A /* Release */,
			);
			defaultConfigurationIsVisible = 0;
			defaultConfigurationName = Release;
		};
/* End XCConfigurationList section */
	};
	rootObject = 61677B2E1ECBE7BB00D4260A /* Project object */;
}
